// !$*UTF8*$!
{
	archiveVersion = 1;
	classes = {
	};
	objectVersion = 46;
	objects = {

/* Begin PBXBuildFile section */
		86E237E11E4402E900A09C83 /* AppDelegate.swift in Sources */ = {isa = PBXBuildFile; fileRef = 86E237E01E4402E900A09C83 /* AppDelegate.swift */; };
		86E237E31E4402E900A09C83 /* ViewController.swift in Sources */ = {isa = PBXBuildFile; fileRef = 86E237E21E4402E900A09C83 /* ViewController.swift */; };
		86E237E61E4402E900A09C83 /* Main.storyboard in Resources */ = {isa = PBXBuildFile; fileRef = 86E237E41E4402E900A09C83 /* Main.storyboard */; };
		86E237E81E4402E900A09C83 /* Assets.xcassets in Resources */ = {isa = PBXBuildFile; fileRef = 86E237E71E4402E900A09C83 /* Assets.xcassets */; };
		86E237EB1E4402E900A09C83 /* LaunchScreen.storyboard in Resources */ = {isa = PBXBuildFile; fileRef = 86E237E91E4402E900A09C83 /* LaunchScreen.storyboard */; };
		86E237F61E4402E900A09C83 /* TumblrTests.swift in Sources */ = {isa = PBXBuildFile; fileRef = 86E237F51E4402E900A09C83 /* TumblrTests.swift */; };
		86E238011E4402E900A09C83 /* TumblrUITests.swift in Sources */ = {isa = PBXBuildFile; fileRef = 86E238001E4402E900A09C83 /* TumblrUITests.swift */; };
/* End PBXBuildFile section */

/* Begin PBXContainerItemProxy section */
		86E237F21E4402E900A09C83 /* PBXContainerItemProxy */ = {
			isa = PBXContainerItemProxy;
			containerPortal = 86E237D51E4402E800A09C83 /* Project object */;
			proxyType = 1;
			remoteGlobalIDString = 86E237DC1E4402E800A09C83;
			remoteInfo = Tumblr;
		};
		86E237FD1E4402E900A09C83 /* PBXContainerItemProxy */ = {
			isa = PBXContainerItemProxy;
			containerPortal = 86E237D51E4402E800A09C83 /* Project object */;
			proxyType = 1;
			remoteGlobalIDString = 86E237DC1E4402E800A09C83;
			remoteInfo = Tumblr;
		};
/* End PBXContainerItemProxy section */

/* Begin PBXFileReference section */
		86E237DD1E4402E900A09C83 /* Tumblr.app */ = {isa = PBXFileReference; explicitFileType = wrapper.application; includeInIndex = 0; path = Tumblr.app; sourceTree = BUILT_PRODUCTS_DIR; };
		86E237E01E4402E900A09C83 /* AppDelegate.swift */ = {isa = PBXFileReference; lastKnownFileType = sourcecode.swift; path = AppDelegate.swift; sourceTree = "<group>"; };
		86E237E21E4402E900A09C83 /* ViewController.swift */ = {isa = PBXFileReference; lastKnownFileType = sourcecode.swift; path = ViewController.swift; sourceTree = "<group>"; };
		86E237E51E4402E900A09C83 /* Base */ = {isa = PBXFileReference; lastKnownFileType = file.storyboard; name = Base; path = Base.lproj/Main.storyboard; sourceTree = "<group>"; };
		86E237E71E4402E900A09C83 /* Assets.xcassets */ = {isa = PBXFileReference; lastKnownFileType = folder.assetcatalog; path = Assets.xcassets; sourceTree = "<group>"; };
		86E237EA1E4402E900A09C83 /* Base */ = {isa = PBXFileReference; lastKnownFileType = file.storyboard; name = Base; path = Base.lproj/LaunchScreen.storyboard; sourceTree = "<group>"; };
		86E237EC1E4402E900A09C83 /* Info.plist */ = {isa = PBXFileReference; lastKnownFileType = text.plist.xml; path = Info.plist; sourceTree = "<group>"; };
		86E237F11E4402E900A09C83 /* TumblrTests.xctest */ = {isa = PBXFileReference; explicitFileType = wrapper.cfbundle; includeInIndex = 0; path = TumblrTests.xctest; sourceTree = BUILT_PRODUCTS_DIR; };
		86E237F51E4402E900A09C83 /* TumblrTests.swift */ = {isa = PBXFileReference; lastKnownFileType = sourcecode.swift; path = TumblrTests.swift; sourceTree = "<group>"; };
		86E237F71E4402E900A09C83 /* Info.plist */ = {isa = PBXFileReference; lastKnownFileType = text.plist.xml; path = Info.plist; sourceTree = "<group>"; };
		86E237FC1E4402E900A09C83 /* TumblrUITests.xctest */ = {isa = PBXFileReference; explicitFileType = wrapper.cfbundle; includeInIndex = 0; path = TumblrUITests.xctest; sourceTree = BUILT_PRODUCTS_DIR; };
		86E238001E4402E900A09C83 /* TumblrUITests.swift */ = {isa = PBXFileReference; lastKnownFileType = sourcecode.swift; path = TumblrUITests.swift; sourceTree = "<group>"; };
		86E238021E4402E900A09C83 /* Info.plist */ = {isa = PBXFileReference; lastKnownFileType = text.plist.xml; path = Info.plist; sourceTree = "<group>"; };
/* End PBXFileReference section */

/* Begin PBXFrameworksBuildPhase section */
		86E237DA1E4402E800A09C83 /* Frameworks */ = {
			isa = PBXFrameworksBuildPhase;
			buildActionMask = 2147483647;
			files = (
			);
			runOnlyForDeploymentPostprocessing = 0;
		};
		86E237EE1E4402E900A09C83 /* Frameworks */ = {
			isa = PBXFrameworksBuildPhase;
			buildActionMask = 2147483647;
			files = (
			);
			runOnlyForDeploymentPostprocessing = 0;
		};
		86E237F91E4402E900A09C83 /* Frameworks */ = {
			isa = PBXFrameworksBuildPhase;
			buildActionMask = 2147483647;
			files = (
			);
			runOnlyForDeploymentPostprocessing = 0;
		};
/* End PBXFrameworksBuildPhase section */

/* Begin PBXGroup section */
		86E237D41E4402E800A09C83 = {
			isa = PBXGroup;
			children = (
				86E237DF1E4402E900A09C83 /* Tumblr */,
				86E237F41E4402E900A09C83 /* TumblrTests */,
				86E237FF1E4402E900A09C83 /* TumblrUITests */,
				86E237DE1E4402E900A09C83 /* Products */,
			);
			sourceTree = "<group>";
		};
		86E237DE1E4402E900A09C83 /* Products */ = {
			isa = PBXGroup;
			children = (
				86E237DD1E4402E900A09C83 /* Tumblr.app */,
				86E237F11E4402E900A09C83 /* TumblrTests.xctest */,
				86E237FC1E4402E900A09C83 /* TumblrUITests.xctest */,
			);
			name = Products;
			sourceTree = "<group>";
		};
		86E237DF1E4402E900A09C83 /* Tumblr */ = {
			isa = PBXGroup;
			children = (
				86E237E01E4402E900A09C83 /* AppDelegate.swift */,
				86E237E21E4402E900A09C83 /* ViewController.swift */,
				86E237E41E4402E900A09C83 /* Main.storyboard */,
				86E237E71E4402E900A09C83 /* Assets.xcassets */,
				86E237E91E4402E900A09C83 /* LaunchScreen.storyboard */,
				86E237EC1E4402E900A09C83 /* Info.plist */,
			);
			path = Tumblr;
			sourceTree = "<group>";
		};
		86E237F41E4402E900A09C83 /* TumblrTests */ = {
			isa = PBXGroup;
			children = (
				86E237F51E4402E900A09C83 /* TumblrTests.swift */,
				86E237F71E4402E900A09C83 /* Info.plist */,
			);
			path = TumblrTests;
			sourceTree = "<group>";
		};
		86E237FF1E4402E900A09C83 /* TumblrUITests */ = {
			isa = PBXGroup;
			children = (
				86E238001E4402E900A09C83 /* TumblrUITests.swift */,
				86E238021E4402E900A09C83 /* Info.plist */,
			);
			path = TumblrUITests;
			sourceTree = "<group>";
		};
/* End PBXGroup section */

/* Begin PBXNativeTarget section */
		86E237DC1E4402E800A09C83 /* Tumblr */ = {
			isa = PBXNativeTarget;
			buildConfigurationList = 86E238051E4402E900A09C83 /* Build configuration list for PBXNativeTarget "Tumblr" */;
			buildPhases = (
				86E237D91E4402E800A09C83 /* Sources */,
				86E237DA1E4402E800A09C83 /* Frameworks */,
				86E237DB1E4402E800A09C83 /* Resources */,
			);
			buildRules = (
			);
			dependencies = (
			);
			name = Tumblr;
			productName = Tumblr;
			productReference = 86E237DD1E4402E900A09C83 /* Tumblr.app */;
			productType = "com.apple.product-type.application";
		};
		86E237F01E4402E900A09C83 /* TumblrTests */ = {
			isa = PBXNativeTarget;
			buildConfigurationList = 86E238081E4402E900A09C83 /* Build configuration list for PBXNativeTarget "TumblrTests" */;
			buildPhases = (
				86E237ED1E4402E900A09C83 /* Sources */,
				86E237EE1E4402E900A09C83 /* Frameworks */,
				86E237EF1E4402E900A09C83 /* Resources */,
			);
			buildRules = (
			);
			dependencies = (
				86E237F31E4402E900A09C83 /* PBXTargetDependency */,
			);
			name = TumblrTests;
			productName = TumblrTests;
			productReference = 86E237F11E4402E900A09C83 /* TumblrTests.xctest */;
			productType = "com.apple.product-type.bundle.unit-test";
		};
		86E237FB1E4402E900A09C83 /* TumblrUITests */ = {
			isa = PBXNativeTarget;
			buildConfigurationList = 86E2380B1E4402E900A09C83 /* Build configuration list for PBXNativeTarget "TumblrUITests" */;
			buildPhases = (
				86E237F81E4402E900A09C83 /* Sources */,
				86E237F91E4402E900A09C83 /* Frameworks */,
				86E237FA1E4402E900A09C83 /* Resources */,
			);
			buildRules = (
			);
			dependencies = (
				86E237FE1E4402E900A09C83 /* PBXTargetDependency */,
			);
			name = TumblrUITests;
			productName = TumblrUITests;
			productReference = 86E237FC1E4402E900A09C83 /* TumblrUITests.xctest */;
			productType = "com.apple.product-type.bundle.ui-testing";
		};
/* End PBXNativeTarget section */

/* Begin PBXProject section */
		86E237D51E4402E800A09C83 /* Project object */ = {
			isa = PBXProject;
			attributes = {
				LastSwiftUpdateCheck = 0800;
				LastUpgradeCheck = 0800;
				ORGANIZATIONNAME = "Moiz Rizvi";
				TargetAttributes = {
					86E237DC1E4402E800A09C83 = {
						CreatedOnToolsVersion = 8.0;
						ProvisioningStyle = Automatic;
					};
					86E237F01E4402E900A09C83 = {
						CreatedOnToolsVersion = 8.0;
						ProvisioningStyle = Automatic;
						TestTargetID = 86E237DC1E4402E800A09C83;
					};
					86E237FB1E4402E900A09C83 = {
						CreatedOnToolsVersion = 8.0;
						ProvisioningStyle = Automatic;
						TestTargetID = 86E237DC1E4402E800A09C83;
					};
				};
			};
			buildConfigurationList = 86E237D81E4402E800A09C83 /* Build configuration list for PBXProject "Tumblr" */;
			compatibilityVersion = "Xcode 3.2";
			developmentRegion = English;
			hasScannedForEncodings = 0;
			knownRegions = (
				en,
				Base,
			);
			mainGroup = 86E237D41E4402E800A09C83;
			productRefGroup = 86E237DE1E4402E900A09C83 /* Products */;
			projectDirPath = "";
			projectRoot = "";
			targets = (
				86E237DC1E4402E800A09C83 /* Tumblr */,
				86E237F01E4402E900A09C83 /* TumblrTests */,
				86E237FB1E4402E900A09C83 /* TumblrUITests */,
			);
		};
/* End PBXProject section */

/* Begin PBXResourcesBuildPhase section */
		86E237DB1E4402E800A09C83 /* Resources */ = {
			isa = PBXResourcesBuildPhase;
			buildActionMask = 2147483647;
			files = (
				86E237EB1E4402E900A09C83 /* LaunchScreen.storyboard in Resources */,
				86E237E81E4402E900A09C83 /* Assets.xcassets in Resources */,
				86E237E61E4402E900A09C83 /* Main.storyboard in Resources */,
			);
			runOnlyForDeploymentPostprocessing = 0;
		};
		86E237EF1E4402E900A09C83 /* Resources */ = {
			isa = PBXResourcesBuildPhase;
			buildActionMask = 2147483647;
			files = (
			);
			runOnlyForDeploymentPostprocessing = 0;
		};
		86E237FA1E4402E900A09C83 /* Resources */ = {
			isa = PBXResourcesBuildPhase;
			buildActionMask = 2147483647;
			files = (
			);
			runOnlyForDeploymentPostprocessing = 0;
		};
/* End PBXResourcesBuildPhase section */

/* Begin PBXSourcesBuildPhase section */
		86E237D91E4402E800A09C83 /* Sources */ = {
			isa = PBXSourcesBuildPhase;
			buildActionMask = 2147483647;
			files = (
				86E237E31E4402E900A09C83 /* ViewController.swift in Sources */,
				86E237E11E4402E900A09C83 /* AppDelegate.swift in Sources */,
			);
			runOnlyForDeploymentPostprocessing = 0;
		};
		86E237ED1E4402E900A09C83 /* Sources */ = {
			isa = PBXSourcesBuildPhase;
			buildActionMask = 2147483647;
			files = (
				86E237F61E4402E900A09C83 /* TumblrTests.swift in Sources */,
			);
			runOnlyForDeploymentPostprocessing = 0;
		};
		86E237F81E4402E900A09C83 /* Sources */ = {
			isa = PBXSourcesBuildPhase;
			buildActionMask = 2147483647;
			files = (
				86E238011E4402E900A09C83 /* TumblrUITests.swift in Sources */,
			);
			runOnlyForDeploymentPostprocessing = 0;
		};
/* End PBXSourcesBuildPhase section */

/* Begin PBXTargetDependency section */
		86E237F31E4402E900A09C83 /* PBXTargetDependency */ = {
			isa = PBXTargetDependency;
			target = 86E237DC1E4402E800A09C83 /* Tumblr */;
			targetProxy = 86E237F21E4402E900A09C83 /* PBXContainerItemProxy */;
		};
		86E237FE1E4402E900A09C83 /* PBXTargetDependency */ = {
			isa = PBXTargetDependency;
			target = 86E237DC1E4402E800A09C83 /* Tumblr */;
			targetProxy = 86E237FD1E4402E900A09C83 /* PBXContainerItemProxy */;
		};
/* End PBXTargetDependency section */

/* Begin PBXVariantGroup section */
		86E237E41E4402E900A09C83 /* Main.storyboard */ = {
			isa = PBXVariantGroup;
			children = (
				86E237E51E4402E900A09C83 /* Base */,
			);
			name = Main.storyboard;
			sourceTree = "<group>";
		};
		86E237E91E4402E900A09C83 /* LaunchScreen.storyboard */ = {
			isa = PBXVariantGroup;
			children = (
				86E237EA1E4402E900A09C83 /* Base */,
			);
			name = LaunchScreen.storyboard;
			sourceTree = "<group>";
		};
/* End PBXVariantGroup section */

/* Begin XCBuildConfiguration section */
		86E238031E4402E900A09C83 /* Debug */ = {
			isa = XCBuildConfiguration;
			buildSettings = {
				ALWAYS_SEARCH_USER_PATHS = NO;
				CLANG_ANALYZER_NONNULL = YES;
				CLANG_CXX_LANGUAGE_STANDARD = "gnu++0x";
				CLANG_CXX_LIBRARY = "libc++";
				CLANG_ENABLE_MODULES = YES;
				CLANG_ENABLE_OBJC_ARC = YES;
				CLANG_WARN_BOOL_CONVERSION = YES;
				CLANG_WARN_CONSTANT_CONVERSION = YES;
				CLANG_WARN_DIRECT_OBJC_ISA_USAGE = YES_ERROR;
				CLANG_WARN_DOCUMENTATION_COMMENTS = YES;
				CLANG_WARN_EMPTY_BODY = YES;
				CLANG_WARN_ENUM_CONVERSION = YES;
				CLANG_WARN_INFINITE_RECURSION = YES;
				CLANG_WARN_INT_CONVERSION = YES;
				CLANG_WARN_OBJC_ROOT_CLASS = YES_ERROR;
				CLANG_WARN_SUSPICIOUS_MOVES = YES;
				CLANG_WARN_UNREACHABLE_CODE = YES;
				CLANG_WARN__DUPLICATE_METHOD_MATCH = YES;
				"CODE_SIGN_IDENTITY[sdk=iphoneos*]" = "iPhone Developer";
				COPY_PHASE_STRIP = NO;
				DEBUG_INFORMATION_FORMAT = dwarf;
				ENABLE_STRICT_OBJC_MSGSEND = YES;
				ENABLE_TESTABILITY = YES;
				GCC_C_LANGUAGE_STANDARD = gnu99;
				GCC_DYNAMIC_NO_PIC = NO;
				GCC_NO_COMMON_BLOCKS = YES;
				GCC_OPTIMIZATION_LEVEL = 0;
				GCC_PREPROCESSOR_DEFINITIONS = (
					"DEBUG=1",
					"$(inherited)",
				);
				GCC_WARN_64_TO_32_BIT_CONVERSION = YES;
				GCC_WARN_ABOUT_RETURN_TYPE = YES_ERROR;
				GCC_WARN_UNDECLARED_SELECTOR = YES;
				GCC_WARN_UNINITIALIZED_AUTOS = YES_AGGRESSIVE;
				GCC_WARN_UNUSED_FUNCTION = YES;
				GCC_WARN_UNUSED_VARIABLE = YES;
				IPHONEOS_DEPLOYMENT_TARGET = 10.0;
				MTL_ENABLE_DEBUG_INFO = YES;
				ONLY_ACTIVE_ARCH = YES;
				SDKROOT = iphoneos;
				SWIFT_ACTIVE_COMPILATION_CONDITIONS = DEBUG;
				SWIFT_OPTIMIZATION_LEVEL = "-Onone";
			};
			name = Debug;
		};
		86E238041E4402E900A09C83 /* Release */ = {
			isa = XCBuildConfiguration;
			buildSettings = {
				ALWAYS_SEARCH_USER_PATHS = NO;
				CLANG_ANALYZER_NONNULL = YES;
				CLANG_CXX_LANGUAGE_STANDARD = "gnu++0x";
				CLANG_CXX_LIBRARY = "libc++";
				CLANG_ENABLE_MODULES = YES;
				CLANG_ENABLE_OBJC_ARC = YES;
				CLANG_WARN_BOOL_CONVERSION = YES;
				CLANG_WARN_CONSTANT_CONVERSION = YES;
				CLANG_WARN_DIRECT_OBJC_ISA_USAGE = YES_ERROR;
				CLANG_WARN_DOCUMENTATION_COMMENTS = YES;
				CLANG_WARN_EMPTY_BODY = YES;
				CLANG_WARN_ENUM_CONVERSION = YES;
				CLANG_WARN_INFINITE_RECURSION = YES;
				CLANG_WARN_INT_CONVERSION = YES;
				CLANG_WARN_OBJC_ROOT_CLASS = YES_ERROR;
				CLANG_WARN_SUSPICIOUS_MOVES = YES;
				CLANG_WARN_UNREACHABLE_CODE = YES;
				CLANG_WARN__DUPLICATE_METHOD_MATCH = YES;
				"CODE_SIGN_IDENTITY[sdk=iphoneos*]" = "iPhone Developer";
				COPY_PHASE_STRIP = NO;
				DEBUG_INFORMATION_FORMAT = "dwarf-with-dsym";
				ENABLE_NS_ASSERTIONS = NO;
				ENABLE_STRICT_OBJC_MSGSEND = YES;
				GCC_C_LANGUAGE_STANDARD = gnu99;
				GCC_NO_COMMON_BLOCKS = YES;
				GCC_WARN_64_TO_32_BIT_CONVERSION = YES;
				GCC_WARN_ABOUT_RETURN_TYPE = YES_ERROR;
				GCC_WARN_UNDECLARED_SELECTOR = YES;
				GCC_WARN_UNINITIALIZED_AUTOS = YES_AGGRESSIVE;
				GCC_WARN_UNUSED_FUNCTION = YES;
				GCC_WARN_UNUSED_VARIABLE = YES;
				IPHONEOS_DEPLOYMENT_TARGET = 10.0;
				MTL_ENABLE_DEBUG_INFO = NO;
				SDKROOT = iphoneos;
				SWIFT_OPTIMIZATION_LEVEL = "-Owholemodule";
				VALIDATE_PRODUCT = YES;
			};
			name = Release;
		};
		86E238061E4402E900A09C83 /* Debug */ = {
			isa = XCBuildConfiguration;
			buildSettings = {
				ASSETCATALOG_COMPILER_APPICON_NAME = AppIcon;
				INFOPLIST_FILE = Tumblr/Info.plist;
				LD_RUNPATH_SEARCH_PATHS = "$(inherited) @executable_path/Frameworks";
				PRODUCT_BUNDLE_IDENTIFIER = com.codepath.Tumblr;
				PRODUCT_NAME = "$(TARGET_NAME)";
				SWIFT_VERSION = 3.0;
			};
			name = Debug;
		};
		86E238071E4402E900A09C83 /* Release */ = {
			isa = XCBuildConfiguration;
			buildSettings = {
				ASSETCATALOG_COMPILER_APPICON_NAME = AppIcon;
				INFOPLIST_FILE = Tumblr/Info.plist;
				LD_RUNPATH_SEARCH_PATHS = "$(inherited) @executable_path/Frameworks";
				PRODUCT_BUNDLE_IDENTIFIER = com.codepath.Tumblr;
				PRODUCT_NAME = "$(TARGET_NAME)";
				SWIFT_VERSION = 3.0;
			};
			name = Release;
		};
		86E238091E4402E900A09C83 /* Debug */ = {
			isa = XCBuildConfiguration;
			buildSettings = {
				ALWAYS_EMBED_SWIFT_STANDARD_LIBRARIES = YES;
				BUNDLE_LOADER = "$(TEST_HOST)";
				INFOPLIST_FILE = TumblrTests/Info.plist;
				LD_RUNPATH_SEARCH_PATHS = "$(inherited) @executable_path/Frameworks @loader_path/Frameworks";
				PRODUCT_BUNDLE_IDENTIFIER = com.codepath.TumblrTests;
				PRODUCT_NAME = "$(TARGET_NAME)";
				SWIFT_VERSION = 3.0;
				TEST_HOST = "$(BUILT_PRODUCTS_DIR)/Tumblr.app/Tumblr";
			};
			name = Debug;
		};
		86E2380A1E4402E900A09C83 /* Release */ = {
			isa = XCBuildConfiguration;
			buildSettings = {
				ALWAYS_EMBED_SWIFT_STANDARD_LIBRARIES = YES;
				BUNDLE_LOADER = "$(TEST_HOST)";
				INFOPLIST_FILE = TumblrTests/Info.plist;
				LD_RUNPATH_SEARCH_PATHS = "$(inherited) @executable_path/Frameworks @loader_path/Frameworks";
				PRODUCT_BUNDLE_IDENTIFIER = com.codepath.TumblrTests;
				PRODUCT_NAME = "$(TARGET_NAME)";
				SWIFT_VERSION = 3.0;
				TEST_HOST = "$(BUILT_PRODUCTS_DIR)/Tumblr.app/Tumblr";
			};
			name = Release;
		};
		86E2380C1E4402E900A09C83 /* Debug */ = {
			isa = XCBuildConfiguration;
			buildSettings = {
				ALWAYS_EMBED_SWIFT_STANDARD_LIBRARIES = YES;
				INFOPLIST_FILE = TumblrUITests/Info.plist;
				LD_RUNPATH_SEARCH_PATHS = "$(inherited) @executable_path/Frameworks @loader_path/Frameworks";
				PRODUCT_BUNDLE_IDENTIFIER = com.codepath.TumblrUITests;
				PRODUCT_NAME = "$(TARGET_NAME)";
				SWIFT_VERSION = 3.0;
				TEST_TARGET_NAME = Tumblr;
			};
			name = Debug;
		};
		86E2380D1E4402E900A09C83 /* Release */ = {
			isa = XCBuildConfiguration;
			buildSettings = {
				ALWAYS_EMBED_SWIFT_STANDARD_LIBRARIES = YES;
				INFOPLIST_FILE = TumblrUITests/Info.plist;
				LD_RUNPATH_SEARCH_PATHS = "$(inherited) @executable_path/Frameworks @loader_path/Frameworks";
				PRODUCT_BUNDLE_IDENTIFIER = com.codepath.TumblrUITests;
				PRODUCT_NAME = "$(TARGET_NAME)";
				SWIFT_VERSION = 3.0;
				TEST_TARGET_NAME = Tumblr;
			};
			name = Release;
		};
/* End XCBuildConfiguration section */

/* Begin XCConfigurationList section */
		86E237D81E4402E800A09C83 /* Build configuration list for PBXProject "Tumblr" */ = {
			isa = XCConfigurationList;
			buildConfigurations = (
				86E238031E4402E900A09C83 /* Debug */,
				86E238041E4402E900A09C83 /* Release */,
			);
			defaultConfigurationIsVisible = 0;
			defaultConfigurationName = Release;
		};
		86E238051E4402E900A09C83 /* Build configuration list for PBXNativeTarget "Tumblr" */ = {
			isa = XCConfigurationList;
			buildConfigurations = (
				86E238061E4402E900A09C83 /* Debug */,
				86E238071E4402E900A09C83 /* Release */,
			);
			defaultConfigurationIsVisible = 0;
		};
		86E238081E4402E900A09C83 /* Build configuration list for PBXNativeTarget "TumblrTests" */ = {
			isa = XCConfigurationList;
			buildConfigurations = (
				86E238091E4402E900A09C83 /* Debug */,
				86E2380A1E4402E900A09C83 /* Release */,
			);
			defaultConfigurationIsVisible = 0;
		};
		86E2380B1E4402E900A09C83 /* Build configuration list for PBXNativeTarget "TumblrUITests" */ = {
			isa = XCConfigurationList;
			buildConfigurations = (
				86E2380C1E4402E900A09C83 /* Debug */,
				86E2380D1E4402E900A09C83 /* Release */,
			);
			defaultConfigurationIsVisible = 0;
		};
/* End XCConfigurationList section */
	};
	rootObject = 86E237D51E4402E800A09C83 /* Project object */;
}
